
Microsoft Visual Studio Solution File, Format Version 12.00
# Visual Studio Version 16
VisualStudioVersion = 16.0.31729.503
MinimumVisualStudioVersion = 10.0.40219.1
Project("{9A19103F-16F7-4668-BE54-9A1E7A4F7556}") = "AuctionSystem.Server", "AuctionSystem.Server\AuctionSystem.Server.csproj", "{46FA57E1-4B0D-4E66-AADB-A70A11F73DB6}"
EndProject
Project("{9A19103F-16F7-4668-BE54-9A1E7A4F7556}") = "AuctionSystem.Data", "AuctionSystem.Data\AuctionSystem.Data.csproj", "{282044A6-C5D6-41E2-9818-4369F971A893}"
EndProject
Project("{9092AA53-FB77-4645-B42D-1CCCA6BD08BD}") = "AuctionSystem.Client", "AuctionSystem.Client\AuctionSystem.Client.njsproj", "{3CDA750B-8C0C-422F-AB4D-692FAE883DB9}"
EndProject
Global
	GlobalSection(SolutionConfigurationPlatforms) = preSolution
		Debug|Any CPU = Debug|Any CPU
		Release|Any CPU = Release|Any CPU
	EndGlobalSection
	GlobalSection(ProjectConfigurationPlatforms) = postSolution
		{46FA57E1-4B0D-4E66-AADB-A70A11F73DB6}.Debug|Any CPU.ActiveCfg = Debug|Any CPU
		{46FA57E1-4B0D-4E66-AADB-A70A11F73DB6}.Debug|Any CPU.Build.0 = Debug|Any CPU
		{46FA57E1-4B0D-4E66-AADB-A70A11F73DB6}.Release|Any CPU.ActiveCfg = Release|Any CPU
		{46FA57E1-4B0D-4E66-AADB-A70A11F73DB6}.Release|Any CPU.Build.0 = Release|Any CPU
		{282044A6-C5D6-41E2-9818-4369F971A893}.Debug|Any CPU.ActiveCfg = Debug|Any CPU
		{282044A6-C5D6-41E2-9818-4369F971A893}.Debug|Any CPU.Build.0 = Debug|Any CPU
		{282044A6-C5D6-41E2-9818-4369F971A893}.Release|Any CPU.ActiveCfg = Release|Any CPU
		{282044A6-C5D6-41E2-9818-4369F971A893}.Release|Any CPU.Build.0 = Release|Any CPU
		{3CDA750B-8C0C-422F-AB4D-692FAE883DB9}.Debug|Any CPU.ActiveCfg = Debug|Any CPU
		{3CDA750B-8C0C-422F-AB4D-692FAE883DB9}.Debug|Any CPU.Build.0 = Debug|Any CPU
		{3CDA750B-8C0C-422F-AB4D-692FAE883DB9}.Release|Any CPU.ActiveCfg = Release|Any CPU
		{3CDA750B-8C0C-422F-AB4D-692FAE883DB9}.Release|Any CPU.Build.0 = Release|Any CPU
	EndGlobalSection
	GlobalSection(SolutionProperties) = preSolution
		HideSolutionNode = FALSE
	EndGlobalSection
	GlobalSection(ExtensibilityGlobals) = postSolution
		SolutionGuid = {F2C7FA30-B9A7-4421-99F5-4BA00A75AB7B}
	EndGlobalSection
EndGlobal
